
Microsoft Visual Studio Solution File, Format Version 12.00
# Visual Studio Version 16
VisualStudioVersion = 16.0.29519.181
MinimumVisualStudioVersion = 10.0.40219.1
Project("{FAE04EC0-301F-11D3-BF4B-00C04F79EFBC}") = "ECommerce.API.Products", "ECommerce.API.Products\ECommerce.API.Products.csproj", "{40249061-9B86-4298-9F0F-41A1E1C1E8C8}"
EndProject
Project("{FAE04EC0-301F-11D3-BF4B-00C04F79EFBC}") = "ECommerce.API.Customers", "ECommerce.API.Customers\ECommerce.API.Customers.csproj", "{6B614EE6-6AF5-4F35-A9B6-290FB7C29713}"
EndProject
Project("{FAE04EC0-301F-11D3-BF4B-00C04F79EFBC}") = "ECommerce.API.Orders", "ECommerce.API.Orders\ECommerce.API.Orders.csproj", "{9CD12AF4-6748-45E0-8B19-8F83BF5B18BC}"
EndProject
Project("{FAE04EC0-301F-11D3-BF4B-00C04F79EFBC}") = "ECommerce.API.Search", "ECommerce.API.Search\ECommerce.API.Search.csproj", "{7E283888-2CBA-415E-8903-3C18485E1650}"
EndProject
Global
	GlobalSection(SolutionConfigurationPlatforms) = preSolution
		Debug|Any CPU = Debug|Any CPU
		Release|Any CPU = Release|Any CPU
	EndGlobalSection
	GlobalSection(ProjectConfigurationPlatforms) = postSolution
		{40249061-9B86-4298-9F0F-41A1E1C1E8C8}.Debug|Any CPU.ActiveCfg = Debug|Any CPU
		{40249061-9B86-4298-9F0F-41A1E1C1E8C8}.Debug|Any CPU.Build.0 = Debug|Any CPU
		{40249061-9B86-4298-9F0F-41A1E1C1E8C8}.Release|Any CPU.ActiveCfg = Release|Any CPU
		{40249061-9B86-4298-9F0F-41A1E1C1E8C8}.Release|Any CPU.Build.0 = Release|Any CPU
		{6B614EE6-6AF5-4F35-A9B6-290FB7C29713}.Debug|Any CPU.ActiveCfg = Debug|Any CPU
		{6B614EE6-6AF5-4F35-A9B6-290FB7C29713}.Debug|Any CPU.Build.0 = Debug|Any CPU
		{6B614EE6-6AF5-4F35-A9B6-290FB7C29713}.Release|Any CPU.ActiveCfg = Release|Any CPU
		{6B614EE6-6AF5-4F35-A9B6-290FB7C29713}.Release|Any CPU.Build.0 = Release|Any CPU
		{9CD12AF4-6748-45E0-8B19-8F83BF5B18BC}.Debug|Any CPU.ActiveCfg = Debug|Any CPU
		{9CD12AF4-6748-45E0-8B19-8F83BF5B18BC}.Debug|Any CPU.Build.0 = Debug|Any CPU
		{9CD12AF4-6748-45E0-8B19-8F83BF5B18BC}.Release|Any CPU.ActiveCfg = Release|Any CPU
		{9CD12AF4-6748-45E0-8B19-8F83BF5B18BC}.Release|Any CPU.Build.0 = Release|Any CPU
		{7E283888-2CBA-415E-8903-3C18485E1650}.Debug|Any CPU.ActiveCfg = Debug|Any CPU
		{7E283888-2CBA-415E-8903-3C18485E1650}.Debug|Any CPU.Build.0 = Debug|Any CPU
		{7E283888-2CBA-415E-8903-3C18485E1650}.Release|Any CPU.ActiveCfg = Release|Any CPU
		{7E283888-2CBA-415E-8903-3C18485E1650}.Release|Any CPU.Build.0 = Release|Any CPU
	EndGlobalSection
	GlobalSection(SolutionProperties) = preSolution
		HideSolutionNode = FALSE
	EndGlobalSection
	GlobalSection(ExtensibilityGlobals) = postSolution
		SolutionGuid = {8A309D18-F27C-437A-A314-F67C54FF362E}
	EndGlobalSection
EndGlobal
